// !$*UTF8*$!
{
	archiveVersion = 1;
	classes = {
	};
	objectVersion = 77;
	objects = {

/* Begin PBXContainerItemProxy section */
		BB11FCE72E9E0CF000C4F607 /* PBXContainerItemProxy */ = {
			isa = PBXContainerItemProxy;
			containerPortal = BB11FCC82E9E0CEF00C4F607 /* Project object */;
			proxyType = 1;
			remoteGlobalIDString = BB11FCCF2E9E0CEF00C4F607;
			remoteInfo = systemViewController;
		};
		BB11FCF12E9E0CF100C4F607 /* PBXContainerItemProxy */ = {
			isa = PBXContainerItemProxy;
			containerPortal = BB11FCC82E9E0CEF00C4F607 /* Project object */;
			proxyType = 1;
			remoteGlobalIDString = BB11FCCF2E9E0CEF00C4F607;
			remoteInfo = systemViewController;
		};
/* End PBXContainerItemProxy section */

/* Begin PBXFileReference section */
		BB11FCD02E9E0CEF00C4F607 /* systemViewController.app */ = {isa = PBXFileReference; explicitFileType = wrapper.application; includeInIndex = 0; path = systemViewController.app; sourceTree = BUILT_PRODUCTS_DIR; };
		BB11FCE62E9E0CF000C4F607 /* systemViewControllerTests.xctest */ = {isa = PBXFileReference; explicitFileType = wrapper.cfbundle; includeInIndex = 0; path = systemViewControllerTests.xctest; sourceTree = BUILT_PRODUCTS_DIR; };
		BB11FCF02E9E0CF100C4F607 /* systemViewControllerUITests.xctest */ = {isa = PBXFileReference; explicitFileType = wrapper.cfbundle; includeInIndex = 0; path = systemViewControllerUITests.xctest; sourceTree = BUILT_PRODUCTS_DIR; };
/* End PBXFileReference section */

/* Begin PBXFileSystemSynchronizedBuildFileExceptionSet section */
		BB11FCF82E9E0CF100C4F607 /* Exceptions for "systemViewController" folder in "systemViewController" target */ = {
			isa = PBXFileSystemSynchronizedBuildFileExceptionSet;
			membershipExceptions = (
				Info.plist,
			);
			target = BB11FCCF2E9E0CEF00C4F607 /* systemViewController */;
		};
/* End PBXFileSystemSynchronizedBuildFileExceptionSet section */

/* Begin PBXFileSystemSynchronizedRootGroup section */
		BB11FCD22E9E0CEF00C4F607 /* systemViewController */ = {
			isa = PBXFileSystemSynchronizedRootGroup;
			exceptions = (
				BB11FCF82E9E0CF100C4F607 /* Exceptions for "systemViewController" folder in "systemViewController" target */,
			);
			path = systemViewController;
			sourceTree = "<group>";
		};
		BB11FCE92E9E0CF000C4F607 /* systemViewControllerTests */ = {
			isa = PBXFileSystemSynchronizedRootGroup;
			path = systemViewControllerTests;
			sourceTree = "<group>";
		};
		BB11FCF32E9E0CF100C4F607 /* systemViewControllerUITests */ = {
			isa = PBXFileSystemSynchronizedRootGroup;
			path = systemViewControllerUITests;
			sourceTree = "<group>";
		};
/* End PBXFileSystemSynchronizedRootGroup section */

/* Begin PBXFrameworksBuildPhase section */
		BB11FCCD2E9E0CEF00C4F607 /* Frameworks */ = {
			isa = PBXFrameworksBuildPhase;
			buildActionMask = 2147483647;
			files = (
			);
			runOnlyForDeploymentPostprocessing = 0;
		};
		BB11FCE32E9E0CF000C4F607 /* Frameworks */ = {
			isa = PBXFrameworksBuildPhase;
			buildActionMask = 2147483647;
			files = (
			);
			runOnlyForDeploymentPostprocessing = 0;
		};
		BB11FCED2E9E0CF100C4F607 /* Frameworks */ = {
			isa = PBXFrameworksBuildPhase;
			buildActionMask = 2147483647;
			files = (
			);
			runOnlyForDeploymentPostprocessing = 0;
		};
/* End PBXFrameworksBuildPhase section */

/* Begin PBXGroup section */
		BB11FCC72E9E0CEF00C4F607 = {
			isa = PBXGroup;
			children = (
				BB11FCD22E9E0CEF00C4F607 /* systemViewController */,
				BB11FCE92E9E0CF000C4F607 /* systemViewControllerTests */,
				BB11FCF32E9E0CF100C4F607 /* systemViewControllerUITests */,
				BB11FCD12E9E0CEF00C4F607 /* Products */,
			);
			sourceTree = "<group>";
		};
		BB11FCD12E9E0CEF00C4F607 /* Products */ = {
			isa = PBXGroup;
			children = (
				BB11FCD02E9E0CEF00C4F607 /* systemViewController.app */,
				BB11FCE62E9E0CF000C4F607 /* systemViewControllerTests.xctest */,
				BB11FCF02E9E0CF100C4F607 /* systemViewControllerUITests.xctest */,
			);
			name = Products;
			sourceTree = "<group>";
		};
/* End PBXGroup section */

/* Begin PBXNativeTarget section */
		BB11FCCF2E9E0CEF00C4F607 /* systemViewController */ = {
			isa = PBXNativeTarget;
			buildConfigurationList = BB11FCF92E9E0CF100C4F607 /* Build configuration list for PBXNativeTarget "systemViewController" */;
			buildPhases = (
				BB11FCCC2E9E0CEF00C4F607 /* Sources */,
				BB11FCCD2E9E0CEF00C4F607 /* Frameworks */,
				BB11FCCE2E9E0CEF00C4F607 /* Resources */,
			);
			buildRules = (
			);
			dependencies = (
			);
			fileSystemSynchronizedGroups = (
				BB11FCD22E9E0CEF00C4F607 /* systemViewController */,
			);
			name = systemViewController;
			packageProductDependencies = (
			);
			productName = systemViewController;
			productReference = BB11FCD02E9E0CEF00C4F607 /* systemViewController.app */;
			productType = "com.apple.product-type.application";
		};
		BB11FCE52E9E0CF000C4F607 /* systemViewControllerTests */ = {
			isa = PBXNativeTarget;
			buildConfigurationList = BB11FCFE2E9E0CF100C4F607 /* Build configuration list for PBXNativeTarget "systemViewControllerTests" */;
			buildPhases = (
				BB11FCE22E9E0CF000C4F607 /* Sources */,
				BB11FCE32E9E0CF000C4F607 /* Frameworks */,
				BB11FCE42E9E0CF000C4F607 /* Resources */,
			);
			buildRules = (
			);
			dependencies = (
				BB11FCE82E9E0CF000C4F607 /* PBXTargetDependency */,
			);
			fileSystemSynchronizedGroups = (
				BB11FCE92E9E0CF000C4F607 /* systemViewControllerTests */,
			);
			name = systemViewControllerTests;
			packageProductDependencies = (
			);
			productName = systemViewControllerTests;
			productReference = BB11FCE62E9E0CF000C4F607 /* systemViewControllerTests.xctest */;
			productType = "com.apple.product-type.bundle.unit-test";
		};
		BB11FCEF2E9E0CF100C4F607 /* systemViewControllerUITests */ = {
			isa = PBXNativeTarget;
			buildConfigurationList = BB11FD012E9E0CF100C4F607 /* Build configuration list for PBXNativeTarget "systemViewControllerUITests" */;
			buildPhases = (
				BB11FCEC2E9E0CF100C4F607 /* Sources */,
				BB11FCED2E9E0CF100C4F607 /* Frameworks */,
				BB11FCEE2E9E0CF100C4F607 /* Resources */,
			);
			buildRules = (
			);
			dependencies = (
				BB11FCF22E9E0CF100C4F607 /* PBXTargetDependency */,
			);
			fileSystemSynchronizedGroups = (
				BB11FCF32E9E0CF100C4F607 /* systemViewControllerUITests */,
			);
			name = systemViewControllerUITests;
			packageProductDependencies = (
			);
			productName = systemViewControllerUITests;
			productReference = BB11FCF02E9E0CF100C4F607 /* systemViewControllerUITests.xctest */;
			productType = "com.apple.product-type.bundle.ui-testing";
		};
/* End PBXNativeTarget section */

/* Begin PBXProject section */
		BB11FCC82E9E0CEF00C4F607 /* Project object */ = {
			isa = PBXProject;
			attributes = {
				BuildIndependentTargetsInParallel = 1;
				LastSwiftUpdateCheck = 1640;
				LastUpgradeCheck = 1640;
				TargetAttributes = {
					BB11FCCF2E9E0CEF00C4F607 = {
						CreatedOnToolsVersion = 16.4;
					};
					BB11FCE52E9E0CF000C4F607 = {
						CreatedOnToolsVersion = 16.4;
						TestTargetID = BB11FCCF2E9E0CEF00C4F607;
					};
					BB11FCEF2E9E0CF100C4F607 = {
						CreatedOnToolsVersion = 16.4;
						TestTargetID = BB11FCCF2E9E0CEF00C4F607;
					};
				};
			};
			buildConfigurationList = BB11FCCB2E9E0CEF00C4F607 /* Build configuration list for PBXProject "systemViewController" */;
			developmentRegion = en;
			hasScannedForEncodings = 0;
			knownRegions = (
				en,
				Base,
			);
			mainGroup = BB11FCC72E9E0CEF00C4F607;
			minimizedProjectReferenceProxies = 1;
			preferredProjectObjectVersion = 77;
			productRefGroup = BB11FCD12E9E0CEF00C4F607 /* Products */;
			projectDirPath = "";
			projectRoot = "";
			targets = (
				BB11FCCF2E9E0CEF00C4F607 /* systemViewController */,
				BB11FCE52E9E0CF000C4F607 /* systemViewControllerTests */,
				BB11FCEF2E9E0CF100C4F607 /* systemViewControllerUITests */,
			);
		};
/* End PBXProject section */

/* Begin PBXResourcesBuildPhase section */
		BB11FCCE2E9E0CEF00C4F607 /* Resources */ = {
			isa = PBXResourcesBuildPhase;
			buildActionMask = 2147483647;
			files = (
			);
			runOnlyForDeploymentPostprocessing = 0;
		};
		BB11FCE42E9E0CF000C4F607 /* Resources */ = {
			isa = PBXResourcesBuildPhase;
			buildActionMask = 2147483647;
			files = (
			);
			runOnlyForDeploymentPostprocessing = 0;
		};
		BB11FCEE2E9E0CF100C4F607 /* Resources */ = {
			isa = PBXResourcesBuildPhase;
			buildActionMask = 2147483647;
			files = (
			);
			runOnlyForDeploymentPostprocessing = 0;
		};
/* End PBXResourcesBuildPhase section */

/* Begin PBXSourcesBuildPhase section */
		BB11FCCC2E9E0CEF00C4F607 /* Sources */ = {
			isa = PBXSourcesBuildPhase;
			buildActionMask = 2147483647;
			files = (
			);
			runOnlyForDeploymentPostprocessing = 0;
		};
		BB11FCE22E9E0CF000C4F607 /* Sources */ = {
			isa = PBXSourcesBuildPhase;
			buildActionMask = 2147483647;
			files = (
			);
			runOnlyForDeploymentPostprocessing = 0;
		};
		BB11FCEC2E9E0CF100C4F607 /* Sources */ = {
			isa = PBXSourcesBuildPhase;
			buildActionMask = 2147483647;
			files = (
			);
			runOnlyForDeploymentPostprocessing = 0;
		};
/* End PBXSourcesBuildPhase section */

/* Begin PBXTargetDependency section */
		BB11FCE82E9E0CF000C4F607 /* PBXTargetDependency */ = {
			isa = PBXTargetDependency;
			target = BB11FCCF2E9E0CEF00C4F607 /* systemViewController */;
			targetProxy = BB11FCE72E9E0CF000C4F607 /* PBXContainerItemProxy */;
		};
		BB11FCF22E9E0CF100C4F607 /* PBXTargetDependency */ = {
			isa = PBXTargetDependency;
			target = BB11FCCF2E9E0CEF00C4F607 /* systemViewController */;
			targetProxy = BB11FCF12E9E0CF100C4F607 /* PBXContainerItemProxy */;
		};
/* End PBXTargetDependency section */

/* Begin XCBuildConfiguration section */
		BB11FCFA2E9E0CF100C4F607 /* Debug */ = {
			isa = XCBuildConfiguration;
			buildSettings = {
				ASSETCATALOG_COMPILER_APPICON_NAME = AppIcon;
				ASSETCATALOG_COMPILER_GLOBAL_ACCENT_COLOR_NAME = AccentColor;
				CODE_SIGN_STYLE = Automatic;
				CURRENT_PROJECT_VERSION = 1;
				GENERATE_INFOPLIST_FILE = YES;
				INFOPLIST_FILE = systemViewController/Info.plist;
				INFOPLIST_KEY_UIApplicationSupportsIndirectInputEvents = YES;
				INFOPLIST_KEY_UILaunchStoryboardName = LaunchScreen;
				INFOPLIST_KEY_UIMainStoryboardFile = Main;
				INFOPLIST_KEY_UISupportedInterfaceOrientations_iPad = "UIInterfaceOrientationPortrait UIInterfaceOrientationPortraitUpsideDown UIInterfaceOrientationLandscapeLeft UIInterfaceOrientationLandscapeRight";
				INFOPLIST_KEY_UISupportedInterfaceOrientations_iPhone = "UIInterfaceOrientationPortrait UIInterfaceOrientationLandscapeLeft UIInterfaceOrientationLandscapeRight";
				LD_RUNPATH_SEARCH_PATHS = (
					"$(inherited)",
					"@executable_path/Frameworks",
				);
				MARKETING_VERSION = 1.0;
				PRODUCT_BUNDLE_IDENTIFIER = srmist.edu.in.systemViewController;
				PRODUCT_NAME = "$(TARGET_NAME)";
				SWIFT_EMIT_LOC_STRINGS = YES;
				SWIFT_VERSION = 5.0;
				TARGETED_DEVICE_FAMILY = "1,2";
			};
			name = Debug;
		};
		BB11FCFB2E9E0CF100C4F607 /* Release */ = {
			isa = XCBuildConfiguration;
			buildSettings = {
				ASSETCATALOG_COMPILER_APPICON_NAME = AppIcon;
				ASSETCATALOG_COMPILER_GLOBAL_ACCENT_COLOR_NAME = AccentColor;
				CODE_SIGN_STYLE = Automatic;
				CURRENT_PROJECT_VERSION = 1;
				GENERATE_INFOPLIST_FILE = YES;
				INFOPLIST_FILE = systemViewController/Info.plist;
				INFOPLIST_KEY_UIApplicationSupportsIndirectInputEvents = YES;
				INFOPLIST_KEY_UILaunchStoryboardName = LaunchScreen;
				INFOPLIST_KEY_UIMainStoryboardFile = Main;
				INFOPLIST_KEY_UISupportedInterfaceOrientations_iPad = "UIInterfaceOrientationPortrait UIInterfaceOrientationPortraitUpsideDown UIInterfaceOrientationLandscapeLeft UIInterfaceOrientationLandscapeRight";
				INFOPLIST_KEY_UISupportedInterfaceOrientations_iPhone = "UIInterfaceOrientationPortrait UIInterfaceOrientationLandscapeLeft UIInterfaceOrientationLandscapeRight";
				LD_RUNPATH_SEARCH_PATHS = (
					"$(inherited)",
					"@executable_path/Frameworks",
				);
				MARKETING_VERSION = 1.0;
				PRODUCT_BUNDLE_IDENTIFIER = srmist.edu.in.systemViewController;
				PRODUCT_NAME = "$(TARGET_NAME)";
				SWIFT_EMIT_LOC_STRINGS = YES;
				SWIFT_VERSION = 5.0;
				TARGETED_DEVICE_FAMILY = "1,2";
			};
			name = Release;
		};
		BB11FCFC2E9E0CF100C4F607 /* Debug */ = {
			isa = XCBuildConfiguration;
			buildSettings = {
				ALWAYS_SEARCH_USER_PATHS = NO;
				ASSETCATALOG_COMPILER_GENERATE_SWIFT_ASSET_SYMBOL_EXTENSIONS = YES;
				CLANG_ANALYZER_NONNULL = YES;
				CLANG_ANALYZER_NUMBER_OBJECT_CONVERSION = YES_AGGRESSIVE;
				CLANG_CXX_LANGUAGE_STANDARD = "gnu++20";
				CLANG_ENABLE_MODULES = YES;
				CLANG_ENABLE_OBJC_ARC = YES;
				CLANG_ENABLE_OBJC_WEAK = YES;
				CLANG_WARN_BLOCK_CAPTURE_AUTORELEASING = YES;
				CLANG_WARN_BOOL_CONVERSION = YES;
				CLANG_WARN_COMMA = YES;
				CLANG_WARN_CONSTANT_CONVERSION = YES;
				CLANG_WARN_DEPRECATED_OBJC_IMPLEMENTATIONS = YES;
				CLANG_WARN_DIRECT_OBJC_ISA_USAGE = YES_ERROR;
				CLANG_WARN_DOCUMENTATION_COMMENTS = YES;
				CLANG_WARN_EMPTY_BODY = YES;
				CLANG_WARN_ENUM_CONVERSION = YES;
				CLANG_WARN_INFINITE_RECURSION = YES;
				CLANG_WARN_INT_CONVERSION = YES;
				CLANG_WARN_NON_LITERAL_NULL_CONVERSION = YES;
				CLANG_WARN_OBJC_IMPLICIT_RETAIN_SELF = YES;
				CLANG_WARN_OBJC_LITERAL_CONVERSION = YES;
				CLANG_WARN_OBJC_ROOT_CLASS = YES_ERROR;
				CLANG_WARN_QUOTED_INCLUDE_IN_FRAMEWORK_HEADER = YES;
				CLANG_WARN_RANGE_LOOP_ANALYSIS = YES;
				CLANG_WARN_STRICT_PROTOTYPES = YES;
				CLANG_WARN_SUSPICIOUS_MOVE = YES;
				CLANG_WARN_UNGUARDED_AVAILABILITY = YES_AGGRESSIVE;
				CLANG_WARN_UNREACHABLE_CODE = YES;
				CLANG_WARN__DUPLICATE_METHOD_MATCH = YES;
				COPY_PHASE_STRIP = NO;
				DEBUG_INFORMATION_FORMAT = dwarf;
				ENABLE_STRICT_OBJC_MSGSEND = YES;
				ENABLE_TESTABILITY = YES;
				ENABLE_USER_SCRIPT_SANDBOXING = YES;
				GCC_C_LANGUAGE_STANDARD = gnu17;
				GCC_DYNAMIC_NO_PIC = NO;
				GCC_NO_COMMON_BLOCKS = YES;
				GCC_OPTIMIZATION_LEVEL = 0;
				GCC_PREPROCESSOR_DEFINITIONS = (
					"DEBUG=1",
					"$(inherited)",
				);
				GCC_WARN_64_TO_32_BIT_CONVERSION = YES;
				GCC_WARN_ABOUT_RETURN_TYPE = YES_ERROR;
				GCC_WARN_UNDECLARED_SELECTOR = YES;
				GCC_WARN_UNINITIALIZED_AUTOS = YES_AGGRESSIVE;
				GCC_WARN_UNUSED_FUNCTION = YES;
				GCC_WARN_UNUSED_VARIABLE = YES;
				IPHONEOS_DEPLOYMENT_TARGET = 18.5;
				LOCALIZATION_PREFERS_STRING_CATALOGS = YES;
				MTL_ENABLE_DEBUG_INFO = INCLUDE_SOURCE;
				MTL_FAST_MATH = YES;
				ONLY_ACTIVE_ARCH = YES;
				SDKROOT = iphoneos;
				SWIFT_ACTIVE_COMPILATION_CONDITIONS = "DEBUG $(inherited)";
				SWIFT_OPTIMIZATION_LEVEL = "-Onone";
			};
			name = Debug;
		};
		BB11FCFD2E9E0CF100C4F607 /* Release */ = {
			isa = XCBuildConfiguration;
			buildSettings = {
				ALWAYS_SEARCH_USER_PATHS = NO;
				ASSETCATALOG_COMPILER_GENERATE_SWIFT_ASSET_SYMBOL_EXTENSIONS = YES;
				CLANG_ANALYZER_NONNULL = YES;
				CLANG_ANALYZER_NUMBER_OBJECT_CONVERSION = YES_AGGRESSIVE;
				CLANG_CXX_LANGUAGE_STANDARD = "gnu++20";
				CLANG_ENABLE_MODULES = YES;
				CLANG_ENABLE_OBJC_ARC = YES;
				CLANG_ENABLE_OBJC_WEAK = YES;
				CLANG_WARN_BLOCK_CAPTURE_AUTORELEASING = YES;
				CLANG_WARN_BOOL_CONVERSION = YES;
				CLANG_WARN_COMMA = YES;
				CLANG_WARN_CONSTANT_CONVERSION = YES;
				CLANG_WARN_DEPRECATED_OBJC_IMPLEMENTATIONS = YES;
				CLANG_WARN_DIRECT_OBJC_ISA_USAGE = YES_ERROR;
				CLANG_WARN_DOCUMENTATION_COMMENTS = YES;
				CLANG_WARN_EMPTY_BODY = YES;
				CLANG_WARN_ENUM_CONVERSION = YES;
				CLANG_WARN_INFINITE_RECURSION = YES;
				CLANG_WARN_INT_CONVERSION = YES;
				CLANG_WARN_NON_LITERAL_NULL_CONVERSION = YES;
				CLANG_WARN_OBJC_IMPLICIT_RETAIN_SELF = YES;
				CLANG_WARN_OBJC_LITERAL_CONVERSION = YES;
				CLANG_WARN_OBJC_ROOT_CLASS = YES_ERROR;
				CLANG_WARN_QUOTED_INCLUDE_IN_FRAMEWORK_HEADER = YES;
				CLANG_WARN_RANGE_LOOP_ANALYSIS = YES;
				CLANG_WARN_STRICT_PROTOTYPES = YES;
				CLANG_WARN_SUSPICIOUS_MOVE = YES;
				CLANG_WARN_UNGUARDED_AVAILABILITY = YES_AGGRESSIVE;
				CLANG_WARN_UNREACHABLE_CODE = YES;
				CLANG_WARN__DUPLICATE_METHOD_MATCH = YES;
				COPY_PHASE_STRIP = NO;
				DEBUG_INFORMATION_FORMAT = "dwarf-with-dsym";
				ENABLE_NS_ASSERTIONS = NO;
				ENABLE_STRICT_OBJC_MSGSEND = YES;
				ENABLE_USER_SCRIPT_SANDBOXING = YES;
				GCC_C_LANGUAGE_STANDARD = gnu17;
				GCC_NO_COMMON_BLOCKS = YES;
				GCC_WARN_64_TO_32_BIT_CONVERSION = YES;
				GCC_WARN_ABOUT_RETURN_TYPE = YES_ERROR;
				GCC_WARN_UNDECLARED_SELECTOR = YES;
				GCC_WARN_UNINITIALIZED_AUTOS = YES_AGGRESSIVE;
				GCC_WARN_UNUSED_FUNCTION = YES;
				GCC_WARN_UNUSED_VARIABLE = YES;
				IPHONEOS_DEPLOYMENT_TARGET = 18.5;
				LOCALIZATION_PREFERS_STRING_CATALOGS = YES;
				MTL_ENABLE_DEBUG_INFO = NO;
				MTL_FAST_MATH = YES;
				SDKROOT = iphoneos;
				SWIFT_COMPILATION_MODE = wholemodule;
				VALIDATE_PRODUCT = YES;
			};
			name = Release;
		};
		BB11FCFF2E9E0CF100C4F607 /* Debug */ = {
			isa = XCBuildConfiguration;
			buildSettings = {
				BUNDLE_LOADER = "$(TEST_HOST)";
				CODE_SIGN_STYLE = Automatic;
				CURRENT_PROJECT_VERSION = 1;
				GENERATE_INFOPLIST_FILE = YES;
				IPHONEOS_DEPLOYMENT_TARGET = 18.5;
				MARKETING_VERSION = 1.0;
				PRODUCT_BUNDLE_IDENTIFIER = srmist.edu.in.systemViewControllerTests;
				PRODUCT_NAME = "$(TARGET_NAME)";
				SWIFT_EMIT_LOC_STRINGS = NO;
				SWIFT_VERSION = 5.0;
				TARGETED_DEVICE_FAMILY = "1,2";
				TEST_HOST = "$(BUILT_PRODUCTS_DIR)/systemViewController.app/$(BUNDLE_EXECUTABLE_FOLDER_PATH)/systemViewController";
			};
			name = Debug;
		};
		BB11FD002E9E0CF100C4F607 /* Release */ = {
			isa = XCBuildConfiguration;
			buildSettings = {
				BUNDLE_LOADER = "$(TEST_HOST)";
				CODE_SIGN_STYLE = Automatic;
				CURRENT_PROJECT_VERSION = 1;
				GENERATE_INFOPLIST_FILE = YES;
				IPHONEOS_DEPLOYMENT_TARGET = 18.5;
				MARKETING_VERSION = 1.0;
				PRODUCT_BUNDLE_IDENTIFIER = srmist.edu.in.systemViewControllerTests;
				PRODUCT_NAME = "$(TARGET_NAME)";
				SWIFT_EMIT_LOC_STRINGS = NO;
				SWIFT_VERSION = 5.0;
				TARGETED_DEVICE_FAMILY = "1,2";
				TEST_HOST = "$(BUILT_PRODUCTS_DIR)/systemViewController.app/$(BUNDLE_EXECUTABLE_FOLDER_PATH)/systemViewController";
			};
			name = Release;
		};
		BB11FD022E9E0CF100C4F607 /* Debug */ = {
			isa = XCBuildConfiguration;
			buildSettings = {
				CODE_SIGN_STYLE = Automatic;
				CURRENT_PROJECT_VERSION = 1;
				GENERATE_INFOPLIST_FILE = YES;
				MARKETING_VERSION = 1.0;
				PRODUCT_BUNDLE_IDENTIFIER = srmist.edu.in.systemViewControllerUITests;
				PRODUCT_NAME = "$(TARGET_NAME)";
				SWIFT_EMIT_LOC_STRINGS = NO;
				SWIFT_VERSION = 5.0;
				TARGETED_DEVICE_FAMILY = "1,2";
				TEST_TARGET_NAME = systemViewController;
			};
			name = Debug;
		};
		BB11FD032E9E0CF100C4F607 /* Release */ = {
			isa = XCBuildConfiguration;
			buildSettings = {
				CODE_SIGN_STYLE = Automatic;
				CURRENT_PROJECT_VERSION = 1;
				GENERATE_INFOPLIST_FILE = YES;
				MARKETING_VERSION = 1.0;
				PRODUCT_BUNDLE_IDENTIFIER = srmist.edu.in.systemViewControllerUITests;
				PRODUCT_NAME = "$(TARGET_NAME)";
				SWIFT_EMIT_LOC_STRINGS = NO;
				SWIFT_VERSION = 5.0;
				TARGETED_DEVICE_FAMILY = "1,2";
				TEST_TARGET_NAME = systemViewController;
			};
			name = Release;
		};
/* End XCBuildConfiguration section */

/* Begin XCConfigurationList section */
		BB11FCCB2E9E0CEF00C4F607 /* Build configuration list for PBXProject "systemViewController" */ = {
			isa = XCConfigurationList;
			buildConfigurations = (
				BB11FCFC2E9E0CF100C4F607 /* Debug */,
				BB11FCFD2E9E0CF100C4F607 /* Release */,
			);
			defaultConfigurationIsVisible = 0;
			defaultConfigurationName = Release;
		};
		BB11FCF92E9E0CF100C4F607 /* Build configuration list for PBXNativeTarget "systemViewController" */ = {
			isa = XCConfigurationList;
			buildConfigurations = (
				BB11FCFA2E9E0CF100C4F607 /* Debug */,
				BB11FCFB2E9E0CF100C4F607 /* Release */,
			);
			defaultConfigurationIsVisible = 0;
			defaultConfigurationName = Release;
		};
		BB11FCFE2E9E0CF100C4F607 /* Build configuration list for PBXNativeTarget "systemViewControllerTests" */ = {
			isa = XCConfigurationList;
			buildConfigurations = (
				BB11FCFF2E9E0CF100C4F607 /* Debug */,
				BB11FD002E9E0CF100C4F607 /* Release */,
			);
			defaultConfigurationIsVisible = 0;
			defaultConfigurationName = Release;
		};
		BB11FD012E9E0CF100C4F607 /* Build configuration list for PBXNativeTarget "systemViewControllerUITests" */ = {
			isa = XCConfigurationList;
			buildConfigurations = (
				BB11FD022E9E0CF100C4F607 /* Debug */,
				BB11FD032E9E0CF100C4F607 /* Release */,
			);
			defaultConfigurationIsVisible = 0;
			defaultConfigurationName = Release;
		};
/* End XCConfigurationList section */
	};
	rootObject = BB11FCC82E9E0CEF00C4F607 /* Project object */;
}
